dependencies:
- name: helm-product
  repository: oci://ghcr.io/onecx/charts
  version: 0.2.0
- name: onecx-workspace-svc
  repository: oci://ghcr.io/onecx/charts
  version: 1.6.0-rc.7
- name: onecx-workspace-bff
  repository: oci://ghcr.io/onecx/charts
  version: 1.6.0-rc.6
- name: onecx-workspace-api-bff
  repository: oci://ghcr.io/onecx/charts
  version: 1.2.0-rc.5
- name: onecx-workspace-ui
  repository: oci://ghcr.io/onecx/charts
  version: 1.7.0-rc.1
digest: sha256:90c47a1178f916ef8a39ec7dcc794100980756b2a8104637aa44ae952f120006
generated: "2025-02-18T08:27:07.662158203Z"
