dependencies:
- name: helm-product
  repository: oci://ghcr.io/onecx/charts
  version: 0.4.0
- name: onecx-workspace-svc
  repository: oci://ghcr.io/onecx/charts
  version: 1.10.0-rc.18
- name: onecx-workspace-bff
  repository: oci://ghcr.io/onecx/charts
  version: 1.10.0-rc.16
- name: onecx-workspace-api-bff
  repository: oci://ghcr.io/onecx/charts
  version: 1.6.0-rc.9
- name: onecx-workspace-api-legacy
  repository: oci://ghcr.io/onecx/charts
  version: 1.7.0-rc.7
- name: onecx-workspace-ui
  repository: oci://ghcr.io/onecx/charts
  version: 1.14.0-rc.47
digest: sha256:0668a6abc5d61d5bc402037b38bdc6c8ad3e96061f15014a78f430115cc4e480
generated: "2025-11-11T09:33:06.057722467Z"
