dependencies:
- name: helm-product
  repository: oci://ghcr.io/onecx/charts
  version: 0.2.0
- name: onecx-workspace-svc
  repository: oci://ghcr.io/onecx/charts
  version: 1.5.0
- name: onecx-workspace-bff
  repository: oci://ghcr.io/onecx/charts
  version: 1.6.0-rc.1
- name: onecx-workspace-api-bff
  repository: oci://ghcr.io/onecx/charts
  version: 1.2.0-rc.1
- name: onecx-workspace-ui
  repository: oci://ghcr.io/onecx/charts
  version: 1.6.0
digest: sha256:285bf62880e483b6512cb9313c8f5786f7942511b5d1518847b14f9c1edddda2
generated: "2025-02-10T14:45:07.735201859Z"
